// !$*UTF8*$!
{
	archiveVersion = 1;
	classes = {
	};
	objectVersion = 51;
	objects = {

/* Begin PBXBuildFile section */
		A843397E25E3F348008E2B07 /* AppDelegate.swift in Sources */ = {isa = PBXBuildFile; fileRef = A843397D25E3F348008E2B07 /* AppDelegate.swift */; };
		A843398025E3F348008E2B07 /* SceneDelegate.swift in Sources */ = {isa = PBXBuildFile; fileRef = A843397F25E3F348008E2B07 /* SceneDelegate.swift */; };
		A843398825E3F348008E2B07 /* SunMovement.xcdatamodeld in Sources */ = {isa = PBXBuildFile; fileRef = A843398625E3F348008E2B07 /* SunMovement.xcdatamodeld */; };
		A843398A25E3F34A008E2B07 /* Assets.xcassets in Resources */ = {isa = PBXBuildFile; fileRef = A843398925E3F34A008E2B07 /* Assets.xcassets */; };
		A843398D25E3F34A008E2B07 /* LaunchScreen.storyboard in Resources */ = {isa = PBXBuildFile; fileRef = A843398B25E3F34A008E2B07 /* LaunchScreen.storyboard */; };
		A843399825E3F425008E2B07 /* label + extension.swift in Sources */ = {isa = PBXBuildFile; fileRef = A843399725E3F425008E2B07 /* label + extension.swift */; };
		A843399C25E3F454008E2B07 /* UIFont + extension.swift in Sources */ = {isa = PBXBuildFile; fileRef = A843399B25E3F454008E2B07 /* UIFont + extension.swift */; };
		A84339A525E3F4C3008E2B07 /* stackView + extension .swift in Sources */ = {isa = PBXBuildFile; fileRef = A84339A425E3F4C3008E2B07 /* stackView + extension .swift */; };
		A84339AE25E3F762008E2B07 /* CustomViewController.swift in Sources */ = {isa = PBXBuildFile; fileRef = A84339AD25E3F762008E2B07 /* CustomViewController.swift */; };
		A84339BE25E41467008E2B07 /* NetworkManager.swift in Sources */ = {isa = PBXBuildFile; fileRef = A84339BD25E41467008E2B07 /* NetworkManager.swift */; };
		A84339C125E414AE008E2B07 /* Model.swift in Sources */ = {isa = PBXBuildFile; fileRef = A84339C025E414AE008E2B07 /* Model.swift */; };
		A84339D325E43AC9008E2B07 /* ViewModel.swift in Sources */ = {isa = PBXBuildFile; fileRef = A84339D225E43AC9008E2B07 /* ViewModel.swift */; };
		D42A7ABAFEF06A936091BDAE /* Pods_SunMovement.framework in Frameworks */ = {isa = PBXBuildFile; fileRef = 97154F2B5506F3E2B7D6F15D /* Pods_SunMovement.framework */; };
/* End PBXBuildFile section */

/* Begin PBXFileReference section */
		237F907DDE57FA0A9C4DD657 /* Pods-SunMovement.release.xcconfig */ = {isa = PBXFileReference; includeInIndex = 1; lastKnownFileType = text.xcconfig; name = "Pods-SunMovement.release.xcconfig"; path = "Target Support Files/Pods-SunMovement/Pods-SunMovement.release.xcconfig"; sourceTree = "<group>"; };
		97154F2B5506F3E2B7D6F15D /* Pods_SunMovement.framework */ = {isa = PBXFileReference; explicitFileType = wrapper.framework; includeInIndex = 0; path = Pods_SunMovement.framework; sourceTree = BUILT_PRODUCTS_DIR; };
		A843397A25E3F348008E2B07 /* SunMovement.app */ = {isa = PBXFileReference; explicitFileType = wrapper.application; includeInIndex = 0; path = SunMovement.app; sourceTree = BUILT_PRODUCTS_DIR; };
		A843397D25E3F348008E2B07 /* AppDelegate.swift */ = {isa = PBXFileReference; lastKnownFileType = sourcecode.swift; path = AppDelegate.swift; sourceTree = "<group>"; };
		A843397F25E3F348008E2B07 /* SceneDelegate.swift */ = {isa = PBXFileReference; lastKnownFileType = sourcecode.swift; path = SceneDelegate.swift; sourceTree = "<group>"; };
		A843398725E3F348008E2B07 /* SunMovement.xcdatamodel */ = {isa = PBXFileReference; lastKnownFileType = wrapper.xcdatamodel; path = SunMovement.xcdatamodel; sourceTree = "<group>"; };
		A843398925E3F34A008E2B07 /* Assets.xcassets */ = {isa = PBXFileReference; lastKnownFileType = folder.assetcatalog; path = Assets.xcassets; sourceTree = "<group>"; };
		A843398C25E3F34A008E2B07 /* Base */ = {isa = PBXFileReference; lastKnownFileType = file.storyboard; name = Base; path = Base.lproj/LaunchScreen.storyboard; sourceTree = "<group>"; };
		A843398E25E3F34A008E2B07 /* Info.plist */ = {isa = PBXFileReference; lastKnownFileType = text.plist.xml; path = Info.plist; sourceTree = "<group>"; };
		A843399725E3F425008E2B07 /* label + extension.swift */ = {isa = PBXFileReference; lastKnownFileType = sourcecode.swift; path = "label + extension.swift"; sourceTree = "<group>"; };
		A843399B25E3F454008E2B07 /* UIFont + extension.swift */ = {isa = PBXFileReference; lastKnownFileType = sourcecode.swift; path = "UIFont + extension.swift"; sourceTree = "<group>"; };
		A84339A425E3F4C3008E2B07 /* stackView + extension .swift */ = {isa = PBXFileReference; lastKnownFileType = sourcecode.swift; path = "stackView + extension .swift"; sourceTree = "<group>"; };
		A84339AD25E3F762008E2B07 /* CustomViewController.swift */ = {isa = PBXFileReference; lastKnownFileType = sourcecode.swift; path = CustomViewController.swift; sourceTree = "<group>"; };
		A84339BD25E41467008E2B07 /* NetworkManager.swift */ = {isa = PBXFileReference; lastKnownFileType = sourcecode.swift; path = NetworkManager.swift; sourceTree = "<group>"; };
		A84339C025E414AE008E2B07 /* Model.swift */ = {isa = PBXFileReference; lastKnownFileType = sourcecode.swift; path = Model.swift; sourceTree = "<group>"; };
		A84339D225E43AC9008E2B07 /* ViewModel.swift */ = {isa = PBXFileReference; lastKnownFileType = sourcecode.swift; path = ViewModel.swift; sourceTree = "<group>"; };
		BFF007E7221AC67CB20CECC3 /* Pods-SunMovement.debug.xcconfig */ = {isa = PBXFileReference; includeInIndex = 1; lastKnownFileType = text.xcconfig; name = "Pods-SunMovement.debug.xcconfig"; path = "Target Support Files/Pods-SunMovement/Pods-SunMovement.debug.xcconfig"; sourceTree = "<group>"; };
/* End PBXFileReference section */

/* Begin PBXFrameworksBuildPhase section */
		A843397725E3F348008E2B07 /* Frameworks */ = {
			isa = PBXFrameworksBuildPhase;
			buildActionMask = 2147483647;
			files = (
				D42A7ABAFEF06A936091BDAE /* Pods_SunMovement.framework in Frameworks */,
			);
			runOnlyForDeploymentPostprocessing = 0;
		};
/* End PBXFrameworksBuildPhase section */

/* Begin PBXGroup section */
		956AE0C068D21FCC45BEC9C4 /* Pods */ = {
			isa = PBXGroup;
			children = (
				BFF007E7221AC67CB20CECC3 /* Pods-SunMovement.debug.xcconfig */,
				237F907DDE57FA0A9C4DD657 /* Pods-SunMovement.release.xcconfig */,
			);
			path = Pods;
			sourceTree = "<group>";
		};
		A843397125E3F347008E2B07 = {
			isa = PBXGroup;
			children = (
				A843397C25E3F348008E2B07 /* SunMovement */,
				A843397B25E3F348008E2B07 /* Products */,
				956AE0C068D21FCC45BEC9C4 /* Pods */,
				DDEEB90EAF3B3CC18697E2C6 /* Frameworks */,
			);
			sourceTree = "<group>";
		};
		A843397B25E3F348008E2B07 /* Products */ = {
			isa = PBXGroup;
			children = (
				A843397A25E3F348008E2B07 /* SunMovement.app */,
			);
			name = Products;
			sourceTree = "<group>";
		};
		A843397C25E3F348008E2B07 /* SunMovement */ = {
			isa = PBXGroup;
			children = (
				A843397D25E3F348008E2B07 /* AppDelegate.swift */,
				A843397F25E3F348008E2B07 /* SceneDelegate.swift */,
				A84339D125E43A70008E2B07 /* extensions */,
				A84339BD25E41467008E2B07 /* NetworkManager.swift */,
				A84339AD25E3F762008E2B07 /* CustomViewController.swift */,
				A84339C025E414AE008E2B07 /* Model.swift */,
				A84339D225E43AC9008E2B07 /* ViewModel.swift */,
				A843398925E3F34A008E2B07 /* Assets.xcassets */,
				A843398B25E3F34A008E2B07 /* LaunchScreen.storyboard */,
				A843398E25E3F34A008E2B07 /* Info.plist */,
				A843398625E3F348008E2B07 /* SunMovement.xcdatamodeld */,
			);
			path = SunMovement;
			sourceTree = "<group>";
		};
		A843399625E3F3FE008E2B07 /* UIKit */ = {
			isa = PBXGroup;
			children = (
				A843399725E3F425008E2B07 /* label + extension.swift */,
				A843399B25E3F454008E2B07 /* UIFont + extension.swift */,
				A84339A425E3F4C3008E2B07 /* stackView + extension .swift */,
			);
			path = UIKit;
			sourceTree = "<group>";
		};
		A84339D125E43A70008E2B07 /* extensions */ = {
			isa = PBXGroup;
			children = (
				A843399625E3F3FE008E2B07 /* UIKit */,
			);
			path = extensions;
			sourceTree = "<group>";
		};
		DDEEB90EAF3B3CC18697E2C6 /* Frameworks */ = {
			isa = PBXGroup;
			children = (
				97154F2B5506F3E2B7D6F15D /* Pods_SunMovement.framework */,
			);
			name = Frameworks;
			sourceTree = "<group>";
		};
/* End PBXGroup section */

/* Begin PBXNativeTarget section */
		A843397925E3F348008E2B07 /* SunMovement */ = {
			isa = PBXNativeTarget;
			buildConfigurationList = A843399125E3F34A008E2B07 /* Build configuration list for PBXNativeTarget "SunMovement" */;
			buildPhases = (
				6B0C0362E4629FEAE7A609D3 /* [CP] Check Pods Manifest.lock */,
				A843397625E3F348008E2B07 /* Sources */,
				A843397725E3F348008E2B07 /* Frameworks */,
				A843397825E3F348008E2B07 /* Resources */,
				ED781A849992CED3BBE6CCBE /* [CP] Embed Pods Frameworks */,
			);
			buildRules = (
			);
			dependencies = (
			);
			name = SunMovement;
			productName = SunMovement;
			productReference = A843397A25E3F348008E2B07 /* SunMovement.app */;
			productType = "com.apple.product-type.application";
		};
/* End PBXNativeTarget section */

/* Begin PBXProject section */
		A843397225E3F347008E2B07 /* Project object */ = {
			isa = PBXProject;
			attributes = {
				LastSwiftUpdateCheck = 1240;
				LastUpgradeCheck = 1240;
				TargetAttributes = {
					A843397925E3F348008E2B07 = {
						CreatedOnToolsVersion = 12.4;
					};
				};
			};
			buildConfigurationList = A843397525E3F347008E2B07 /* Build configuration list for PBXProject "SunMovement" */;
			compatibilityVersion = "Xcode 9.3";
			developmentRegion = en;
			hasScannedForEncodings = 0;
			knownRegions = (
				en,
				Base,
			);
			mainGroup = A843397125E3F347008E2B07;
			productRefGroup = A843397B25E3F348008E2B07 /* Products */;
			projectDirPath = "";
			projectRoot = "";
			targets = (
				A843397925E3F348008E2B07 /* SunMovement */,
			);
		};
/* End PBXProject section */

/* Begin PBXResourcesBuildPhase section */
		A843397825E3F348008E2B07 /* Resources */ = {
			isa = PBXResourcesBuildPhase;
			buildActionMask = 2147483647;
			files = (
				A843398D25E3F34A008E2B07 /* LaunchScreen.storyboard in Resources */,
				A843398A25E3F34A008E2B07 /* Assets.xcassets in Resources */,
			);
			runOnlyForDeploymentPostprocessing = 0;
		};
/* End PBXResourcesBuildPhase section */

/* Begin PBXShellScriptBuildPhase section */
		6B0C0362E4629FEAE7A609D3 /* [CP] Check Pods Manifest.lock */ = {
			isa = PBXShellScriptBuildPhase;
			buildActionMask = 2147483647;
			files = (
			);
			inputFileListPaths = (
			);
			inputPaths = (
				"${PODS_PODFILE_DIR_PATH}/Podfile.lock",
				"${PODS_ROOT}/Manifest.lock",
			);
			name = "[CP] Check Pods Manifest.lock";
			outputFileListPaths = (
			);
			outputPaths = (
				"$(DERIVED_FILE_DIR)/Pods-SunMovement-checkManifestLockResult.txt",
			);
			runOnlyForDeploymentPostprocessing = 0;
			shellPath = /bin/sh;
			shellScript = "diff \"${PODS_PODFILE_DIR_PATH}/Podfile.lock\" \"${PODS_ROOT}/Manifest.lock\" > /dev/null\nif [ $? != 0 ] ; then\n    # print error to STDERR\n    echo \"error: The sandbox is not in sync with the Podfile.lock. Run 'pod install' or update your CocoaPods installation.\" >&2\n    exit 1\nfi\n# This output is used by Xcode 'outputs' to avoid re-running this script phase.\necho \"SUCCESS\" > \"${SCRIPT_OUTPUT_FILE_0}\"\n";
			showEnvVarsInLog = 0;
		};
		ED781A849992CED3BBE6CCBE /* [CP] Embed Pods Frameworks */ = {
			isa = PBXShellScriptBuildPhase;
			buildActionMask = 2147483647;
			files = (
			);
			inputFileListPaths = (
				"${PODS_ROOT}/Target Support Files/Pods-SunMovement/Pods-SunMovement-frameworks-${CONFIGURATION}-input-files.xcfilelist",
			);
			name = "[CP] Embed Pods Frameworks";
			outputFileListPaths = (
				"${PODS_ROOT}/Target Support Files/Pods-SunMovement/Pods-SunMovement-frameworks-${CONFIGURATION}-output-files.xcfilelist",
			);
			runOnlyForDeploymentPostprocessing = 0;
			shellPath = /bin/sh;
			shellScript = "\"${PODS_ROOT}/Target Support Files/Pods-SunMovement/Pods-SunMovement-frameworks.sh\"\n";
			showEnvVarsInLog = 0;
		};
/* End PBXShellScriptBuildPhase section */

/* Begin PBXSourcesBuildPhase section */
		A843397625E3F348008E2B07 /* Sources */ = {
			isa = PBXSourcesBuildPhase;
			buildActionMask = 2147483647;
			files = (
				A84339D325E43AC9008E2B07 /* ViewModel.swift in Sources */,
				A84339C125E414AE008E2B07 /* Model.swift in Sources */,
				A843399C25E3F454008E2B07 /* UIFont + extension.swift in Sources */,
				A84339AE25E3F762008E2B07 /* CustomViewController.swift in Sources */,
				A84339A525E3F4C3008E2B07 /* stackView + extension .swift in Sources */,
				A843398825E3F348008E2B07 /* SunMovement.xcdatamodeld in Sources */,
				A84339BE25E41467008E2B07 /* NetworkManager.swift in Sources */,
				A843399825E3F425008E2B07 /* label + extension.swift in Sources */,
				A843397E25E3F348008E2B07 /* AppDelegate.swift in Sources */,
				A843398025E3F348008E2B07 /* SceneDelegate.swift in Sources */,
			);
			runOnlyForDeploymentPostprocessing = 0;
		};
/* End PBXSourcesBuildPhase section */

/* Begin PBXVariantGroup section */
		A843398B25E3F34A008E2B07 /* LaunchScreen.storyboard */ = {
			isa = PBXVariantGroup;
			children = (
				A843398C25E3F34A008E2B07 /* Base */,
			);
			name = LaunchScreen.storyboard;
			sourceTree = "<group>";
		};
/* End PBXVariantGroup section */

/* Begin XCBuildConfiguration section */
		A843398F25E3F34A008E2B07 /* Debug */ = {
			isa = XCBuildConfiguration;
			buildSettings = {
				ALWAYS_SEARCH_USER_PATHS = NO;
				CLANG_ANALYZER_NONNULL = YES;
				CLANG_ANALYZER_NUMBER_OBJECT_CONVERSION = YES_AGGRESSIVE;
				CLANG_CXX_LANGUAGE_STANDARD = "gnu++14";
				CLANG_CXX_LIBRARY = "libc++";
				CLANG_ENABLE_MODULES = YES;
				CLANG_ENABLE_OBJC_ARC = YES;
				CLANG_ENABLE_OBJC_WEAK = YES;
				CLANG_WARN_BLOCK_CAPTURE_AUTORELEASING = YES;
				CLANG_WARN_BOOL_CONVERSION = YES;
				CLANG_WARN_COMMA = YES;
				CLANG_WARN_CONSTANT_CONVERSION = YES;
				CLANG_WARN_DEPRECATED_OBJC_IMPLEMENTATIONS = YES;
				CLANG_WARN_DIRECT_OBJC_ISA_USAGE = YES_ERROR;
				CLANG_WARN_DOCUMENTATION_COMMENTS = YES;
				CLANG_WARN_EMPTY_BODY = YES;
				CLANG_WARN_ENUM_CONVERSION = YES;
				CLANG_WARN_INFINITE_RECURSION = YES;
				CLANG_WARN_INT_CONVERSION = YES;
				CLANG_WARN_NON_LITERAL_NULL_CONVERSION = YES;
				CLANG_WARN_OBJC_IMPLICIT_RETAIN_SELF = YES;
				CLANG_WARN_OBJC_LITERAL_CONVERSION = YES;
				CLANG_WARN_OBJC_ROOT_CLASS = YES_ERROR;
				CLANG_WARN_QUOTED_INCLUDE_IN_FRAMEWORK_HEADER = YES;
				CLANG_WARN_RANGE_LOOP_ANALYSIS = YES;
				CLANG_WARN_STRICT_PROTOTYPES = YES;
				CLANG_WARN_SUSPICIOUS_MOVE = YES;
				CLANG_WARN_UNGUARDED_AVAILABILITY = YES_AGGRESSIVE;
				CLANG_WARN_UNREACHABLE_CODE = YES;
				CLANG_WARN__DUPLICATE_METHOD_MATCH = YES;
				COPY_PHASE_STRIP = NO;
				DEBUG_INFORMATION_FORMAT = dwarf;
				ENABLE_STRICT_OBJC_MSGSEND = YES;
				ENABLE_TESTABILITY = YES;
				GCC_C_LANGUAGE_STANDARD = gnu11;
				GCC_DYNAMIC_NO_PIC = NO;
				GCC_NO_COMMON_BLOCKS = YES;
				GCC_OPTIMIZATION_LEVEL = 0;
				GCC_PREPROCESSOR_DEFINITIONS = (
					"DEBUG=1",
					"$(inherited)",
				);
				GCC_WARN_64_TO_32_BIT_CONVERSION = YES;
				GCC_WARN_ABOUT_RETURN_TYPE = YES_ERROR;
				GCC_WARN_UNDECLARED_SELECTOR = YES;
				GCC_WARN_UNINITIALIZED_AUTOS = YES_AGGRESSIVE;
				GCC_WARN_UNUSED_FUNCTION = YES;
				GCC_WARN_UNUSED_VARIABLE = YES;
				IPHONEOS_DEPLOYMENT_TARGET = 14.4;
				MTL_ENABLE_DEBUG_INFO = INCLUDE_SOURCE;
				MTL_FAST_MATH = YES;
				ONLY_ACTIVE_ARCH = YES;
				SDKROOT = iphoneos;
				SWIFT_ACTIVE_COMPILATION_CONDITIONS = DEBUG;
				SWIFT_OPTIMIZATION_LEVEL = "-Onone";
			};
			name = Debug;
		};
		A843399025E3F34A008E2B07 /* Release */ = {
			isa = XCBuildConfiguration;
			buildSettings = {
				ALWAYS_SEARCH_USER_PATHS = NO;
				CLANG_ANALYZER_NONNULL = YES;
				CLANG_ANALYZER_NUMBER_OBJECT_CONVERSION = YES_AGGRESSIVE;
				CLANG_CXX_LANGUAGE_STANDARD = "gnu++14";
				CLANG_CXX_LIBRARY = "libc++";
				CLANG_ENABLE_MODULES = YES;
				CLANG_ENABLE_OBJC_ARC = YES;
				CLANG_ENABLE_OBJC_WEAK = YES;
				CLANG_WARN_BLOCK_CAPTURE_AUTORELEASING = YES;
				CLANG_WARN_BOOL_CONVERSION = YES;
				CLANG_WARN_COMMA = YES;
				CLANG_WARN_CONSTANT_CONVERSION = YES;
				CLANG_WARN_DEPRECATED_OBJC_IMPLEMENTATIONS = YES;
				CLANG_WARN_DIRECT_OBJC_ISA_USAGE = YES_ERROR;
				CLANG_WARN_DOCUMENTATION_COMMENTS = YES;
				CLANG_WARN_EMPTY_BODY = YES;
				CLANG_WARN_ENUM_CONVERSION = YES;
				CLANG_WARN_INFINITE_RECURSION = YES;
				CLANG_WARN_INT_CONVERSION = YES;
				CLANG_WARN_NON_LITERAL_NULL_CONVERSION = YES;
				CLANG_WARN_OBJC_IMPLICIT_RETAIN_SELF = YES;
				CLANG_WARN_OBJC_LITERAL_CONVERSION = YES;
				CLANG_WARN_OBJC_ROOT_CLASS = YES_ERROR;
				CLANG_WARN_QUOTED_INCLUDE_IN_FRAMEWORK_HEADER = YES;
				CLANG_WARN_RANGE_LOOP_ANALYSIS = YES;
				CLANG_WARN_STRICT_PROTOTYPES = YES;
				CLANG_WARN_SUSPICIOUS_MOVE = YES;
				CLANG_WARN_UNGUARDED_AVAILABILITY = YES_AGGRESSIVE;
				CLANG_WARN_UNREACHABLE_CODE = YES;
				CLANG_WARN__DUPLICATE_METHOD_MATCH = YES;
				COPY_PHASE_STRIP = NO;
				DEBUG_INFORMATION_FORMAT = "dwarf-with-dsym";
				ENABLE_NS_ASSERTIONS = NO;
				ENABLE_STRICT_OBJC_MSGSEND = YES;
				GCC_C_LANGUAGE_STANDARD = gnu11;
				GCC_NO_COMMON_BLOCKS = YES;
				GCC_WARN_64_TO_32_BIT_CONVERSION = YES;
				GCC_WARN_ABOUT_RETURN_TYPE = YES_ERROR;
				GCC_WARN_UNDECLARED_SELECTOR = YES;
				GCC_WARN_UNINITIALIZED_AUTOS = YES_AGGRESSIVE;
				GCC_WARN_UNUSED_FUNCTION = YES;
				GCC_WARN_UNUSED_VARIABLE = YES;
				IPHONEOS_DEPLOYMENT_TARGET = 14.4;
				MTL_ENABLE_DEBUG_INFO = NO;
				MTL_FAST_MATH = YES;
				SDKROOT = iphoneos;
				SWIFT_COMPILATION_MODE = wholemodule;
				SWIFT_OPTIMIZATION_LEVEL = "-O";
				VALIDATE_PRODUCT = YES;
			};
			name = Release;
		};
		A843399225E3F34A008E2B07 /* Debug */ = {
			isa = XCBuildConfiguration;
			baseConfigurationReference = BFF007E7221AC67CB20CECC3 /* Pods-SunMovement.debug.xcconfig */;
			buildSettings = {
				ASSETCATALOG_COMPILER_APPICON_NAME = AppIcon;
				ASSETCATALOG_COMPILER_GLOBAL_ACCENT_COLOR_NAME = AccentColor;
				CODE_SIGN_STYLE = Automatic;
				DEVELOPMENT_TEAM = 4R899ZV6V2;
				INFOPLIST_FILE = SunMovement/Info.plist;
				LD_RUNPATH_SEARCH_PATHS = (
					"$(inherited)",
					"@executable_path/Frameworks",
				);
				PRODUCT_BUNDLE_IDENTIFIER = "Olga-Mikhnenko.SunMovement";
				PRODUCT_NAME = "$(TARGET_NAME)";
				SWIFT_VERSION = 5.0;
				TARGETED_DEVICE_FAMILY = "1,2";
			};
			name = Debug;
		};
		A843399325E3F34A008E2B07 /* Release */ = {
			isa = XCBuildConfiguration;
			baseConfigurationReference = 237F907DDE57FA0A9C4DD657 /* Pods-SunMovement.release.xcconfig */;
			buildSettings = {
				ASSETCATALOG_COMPILER_APPICON_NAME = AppIcon;
				ASSETCATALOG_COMPILER_GLOBAL_ACCENT_COLOR_NAME = AccentColor;
				CODE_SIGN_STYLE = Automatic;
				DEVELOPMENT_TEAM = 4R899ZV6V2;
				INFOPLIST_FILE = SunMovement/Info.plist;
				LD_RUNPATH_SEARCH_PATHS = (
					"$(inherited)",
					"@executable_path/Frameworks",
				);
				PRODUCT_BUNDLE_IDENTIFIER = "Olga-Mikhnenko.SunMovement";
				PRODUCT_NAME = "$(TARGET_NAME)";
				SWIFT_VERSION = 5.0;
				TARGETED_DEVICE_FAMILY = "1,2";
			};
			name = Release;
		};
/* End XCBuildConfiguration section */

/* Begin XCConfigurationList section */
		A843397525E3F347008E2B07 /* Build configuration list for PBXProject "SunMovement" */ = {
			isa = XCConfigurationList;
			buildConfigurations = (
				A843398F25E3F34A008E2B07 /* Debug */,
				A843399025E3F34A008E2B07 /* Release */,
			);
			defaultConfigurationIsVisible = 0;
			defaultConfigurationName = Release;
		};
		A843399125E3F34A008E2B07 /* Build configuration list for PBXNativeTarget "SunMovement" */ = {
			isa = XCConfigurationList;
			buildConfigurations = (
				A843399225E3F34A008E2B07 /* Debug */,
				A843399325E3F34A008E2B07 /* Release */,
			);
			defaultConfigurationIsVisible = 0;
			defaultConfigurationName = Release;
		};
/* End XCConfigurationList section */

/* Begin XCVersionGroup section */
		A843398625E3F348008E2B07 /* SunMovement.xcdatamodeld */ = {
			isa = XCVersionGroup;
			children = (
				A843398725E3F348008E2B07 /* SunMovement.xcdatamodel */,
			);
			currentVersion = A843398725E3F348008E2B07 /* SunMovement.xcdatamodel */;
			path = SunMovement.xcdatamodeld;
			sourceTree = "<group>";
			versionGroupType = wrapper.xcdatamodel;
		};
/* End XCVersionGroup section */
	};
	rootObject = A843397225E3F347008E2B07 /* Project object */;
}
